
Microsoft Visual Studio Solution File, Format Version 12.00
# Visual Studio Version 16
VisualStudioVersion = 16.0.29102.190
MinimumVisualStudioVersion = 10.0.40219.1
Project("{FAE04EC0-301F-11D3-BF4B-00C04F79EFBC}") = "TicTacToe", "TicTacToe\TicTacToe.csproj", "{6A1E4B59-B7AD-453D-97FC-0D041C7F86EC}"
EndProject
Global
	GlobalSection(SolutionConfigurationPlatforms) = preSolution
		Debug|Any CPU = Debug|Any CPU
		Release|Any CPU = Release|Any CPU
	EndGlobalSection
	GlobalSection(ProjectConfigurationPlatforms) = postSolution
		{6A1E4B59-B7AD-453D-97FC-0D041C7F86EC}.Debug|Any CPU.ActiveCfg = Debug|Any CPU
		{6A1E4B59-B7AD-453D-97FC-0D041C7F86EC}.Debug|Any CPU.Build.0 = Debug|Any CPU
		{6A1E4B59-B7AD-453D-97FC-0D041C7F86EC}.Release|Any CPU.ActiveCfg = Release|Any CPU
		{6A1E4B59-B7AD-453D-97FC-0D041C7F86EC}.Release|Any CPU.Build.0 = Release|Any CPU
	EndGlobalSection
	GlobalSection(SolutionProperties) = preSolution
		HideSolutionNode = FALSE
	EndGlobalSection
	GlobalSection(ExtensibilityGlobals) = postSolution
		SolutionGuid = {7AE7C54A-DDBD-430A-8513-5E0D2D9B8552}
	EndGlobalSection
EndGlobal
